
Microsoft Visual Studio Solution File, Format Version 12.00
# Visual Studio Version 16
VisualStudioVersion = 16.0.29806.167
MinimumVisualStudioVersion = 10.0.40219.1
Project("{8BC9CEB8-8B4A-11D0-8D11-00A0C91BC942}") = "1081517-hw3-1", "1081517-hw3-1\1081517-hw3-1.vcxproj", "{B1E5E02E-2291-48B3-97EE-1A812D5D2EC2}"
EndProject
Global
	GlobalSection(SolutionConfigurationPlatforms) = preSolution
		Debug|x64 = Debug|x64
		Debug|x86 = Debug|x86
		Release|x64 = Release|x64
		Release|x86 = Release|x86
	EndGlobalSection
	GlobalSection(ProjectConfigurationPlatforms) = postSolution
		{B1E5E02E-2291-48B3-97EE-1A812D5D2EC2}.Debug|x64.ActiveCfg = Debug|x64
		{B1E5E02E-2291-48B3-97EE-1A812D5D2EC2}.Debug|x64.Build.0 = Debug|x64
		{B1E5E02E-2291-48B3-97EE-1A812D5D2EC2}.Debug|x86.ActiveCfg = Debug|Win32
		{B1E5E02E-2291-48B3-97EE-1A812D5D2EC2}.Debug|x86.Build.0 = Debug|Win32
		{B1E5E02E-2291-48B3-97EE-1A812D5D2EC2}.Release|x64.ActiveCfg = Release|x64
		{B1E5E02E-2291-48B3-97EE-1A812D5D2EC2}.Release|x64.Build.0 = Release|x64
		{B1E5E02E-2291-48B3-97EE-1A812D5D2EC2}.Release|x86.ActiveCfg = Release|Win32
		{B1E5E02E-2291-48B3-97EE-1A812D5D2EC2}.Release|x86.Build.0 = Release|Win32
	EndGlobalSection
	GlobalSection(SolutionProperties) = preSolution
		HideSolutionNode = FALSE
	EndGlobalSection
	GlobalSection(ExtensibilityGlobals) = postSolution
		SolutionGuid = {B24C7E9B-5EBF-4F66-9F11-490A15302A91}
	EndGlobalSection
EndGlobal
