
Microsoft Visual Studio Solution File, Format Version 12.00
# Visual Studio Version 16
VisualStudioVersion = 16.0.29806.167
MinimumVisualStudioVersion = 10.0.40219.1
Project("{8BC9CEB8-8B4A-11D0-8D11-00A0C91BC942}") = "1081517-hw7", "1081517-hw7\1081517-hw7.vcxproj", "{27296E3F-7D9B-4753-9453-2D282429E6D7}"
EndProject
Global
	GlobalSection(SolutionConfigurationPlatforms) = preSolution
		Debug|x64 = Debug|x64
		Debug|x86 = Debug|x86
		Release|x64 = Release|x64
		Release|x86 = Release|x86
	EndGlobalSection
	GlobalSection(ProjectConfigurationPlatforms) = postSolution
		{27296E3F-7D9B-4753-9453-2D282429E6D7}.Debug|x64.ActiveCfg = Debug|x64
		{27296E3F-7D9B-4753-9453-2D282429E6D7}.Debug|x64.Build.0 = Debug|x64
		{27296E3F-7D9B-4753-9453-2D282429E6D7}.Debug|x86.ActiveCfg = Debug|Win32
		{27296E3F-7D9B-4753-9453-2D282429E6D7}.Debug|x86.Build.0 = Debug|Win32
		{27296E3F-7D9B-4753-9453-2D282429E6D7}.Release|x64.ActiveCfg = Release|x64
		{27296E3F-7D9B-4753-9453-2D282429E6D7}.Release|x64.Build.0 = Release|x64
		{27296E3F-7D9B-4753-9453-2D282429E6D7}.Release|x86.ActiveCfg = Release|Win32
		{27296E3F-7D9B-4753-9453-2D282429E6D7}.Release|x86.Build.0 = Release|Win32
	EndGlobalSection
	GlobalSection(SolutionProperties) = preSolution
		HideSolutionNode = FALSE
	EndGlobalSection
	GlobalSection(ExtensibilityGlobals) = postSolution
		SolutionGuid = {D507695B-985F-4DF3-8810-D4F478DE0A5A}
	EndGlobalSection
EndGlobal
